github.com/3JoB/go-reflect v1.0.1 h1:o8FsdGDAq32rM84vjIcoEs6ezB2whS0MCR+w7HNIuqI=
github.com/3JoB/go-reflect v1.0.1/go.mod h1:uqE8sGxe7gZKaXFFhkzOhXgAPnSdlXaT1Oy8CDYDWfE=
github.com/3JoB/unsafeConvert v1.3.0 h1:HxWedv9pqNZjzkjdvyPToxolN+kjF55lMbsBedhuKR0=
github.com/3JoB/unsafeConvert v1.3.0/go.mod h1:eSOZxiCOcyEi0vBO56ULYtfXJEn4vafvkebEfI0pYoE=
